
Microsoft Visual Studio Solution File, Format Version 12.00
# Visual Studio 15
VisualStudioVersion = 15.0.27703.2035
MinimumVisualStudioVersion = 10.0.40219.1
Project("{FAE04EC0-301F-11D3-BF4B-00C04F79EFBC}") = "GeaTest", "GeaTest\GeaTest.csproj", "{3908EACD-A694-404C-A1A7-E3BD9AEC180C}"
EndProject
Project("{FAE04EC0-301F-11D3-BF4B-00C04F79EFBC}") = "GeaWebMVC", "GeaWebMVC\GeaWebMVC.csproj", "{74441E3C-3D50-4A9D-8E32-425328962CEC}"
EndProject
Global
	GlobalSection(SolutionConfigurationPlatforms) = preSolution
		Debug|Any CPU = Debug|Any CPU
		Release|Any CPU = Release|Any CPU
	EndGlobalSection
	GlobalSection(ProjectConfigurationPlatforms) = postSolution
		{3908EACD-A694-404C-A1A7-E3BD9AEC180C}.Debug|Any CPU.ActiveCfg = Debug|Any CPU
		{3908EACD-A694-404C-A1A7-E3BD9AEC180C}.Debug|Any CPU.Build.0 = Debug|Any CPU
		{3908EACD-A694-404C-A1A7-E3BD9AEC180C}.Release|Any CPU.ActiveCfg = Release|Any CPU
		{3908EACD-A694-404C-A1A7-E3BD9AEC180C}.Release|Any CPU.Build.0 = Release|Any CPU
		{74441E3C-3D50-4A9D-8E32-425328962CEC}.Debug|Any CPU.ActiveCfg = Debug|Any CPU
		{74441E3C-3D50-4A9D-8E32-425328962CEC}.Debug|Any CPU.Build.0 = Debug|Any CPU
		{74441E3C-3D50-4A9D-8E32-425328962CEC}.Release|Any CPU.ActiveCfg = Release|Any CPU
		{74441E3C-3D50-4A9D-8E32-425328962CEC}.Release|Any CPU.Build.0 = Release|Any CPU
	EndGlobalSection
	GlobalSection(SolutionProperties) = preSolution
		HideSolutionNode = FALSE
	EndGlobalSection
	GlobalSection(ExtensibilityGlobals) = postSolution
		SolutionGuid = {413FF224-0A2C-47DB-96C0-A74AB371B63F}
	EndGlobalSection
EndGlobal
