
Microsoft Visual Studio Solution File, Format Version 12.00
# Visual Studio 15
VisualStudioVersion = 15.0.27703.2035
MinimumVisualStudioVersion = 10.0.40219.1
Project("{FAE04EC0-301F-11D3-BF4B-00C04F79EFBC}") = "Dados", "Repository\Dados.csproj", "{69C103EE-EF77-4883-BAE7-5B075CD0B184}"
EndProject
Project("{FAE04EC0-301F-11D3-BF4B-00C04F79EFBC}") = "GeaWeb", "GeaWeb\GeaWeb.csproj", "{4F77F7D7-F86E-4D53-A1AD-12BC574DE553}"
EndProject
Global
	GlobalSection(SolutionConfigurationPlatforms) = preSolution
		Debug|Any CPU = Debug|Any CPU
		Release|Any CPU = Release|Any CPU
	EndGlobalSection
	GlobalSection(ProjectConfigurationPlatforms) = postSolution
		{69C103EE-EF77-4883-BAE7-5B075CD0B184}.Debug|Any CPU.ActiveCfg = Debug|Any CPU
		{69C103EE-EF77-4883-BAE7-5B075CD0B184}.Debug|Any CPU.Build.0 = Debug|Any CPU
		{69C103EE-EF77-4883-BAE7-5B075CD0B184}.Release|Any CPU.ActiveCfg = Release|Any CPU
		{69C103EE-EF77-4883-BAE7-5B075CD0B184}.Release|Any CPU.Build.0 = Release|Any CPU
		{4F77F7D7-F86E-4D53-A1AD-12BC574DE553}.Debug|Any CPU.ActiveCfg = Debug|Any CPU
		{4F77F7D7-F86E-4D53-A1AD-12BC574DE553}.Debug|Any CPU.Build.0 = Debug|Any CPU
		{4F77F7D7-F86E-4D53-A1AD-12BC574DE553}.Release|Any CPU.ActiveCfg = Release|Any CPU
		{4F77F7D7-F86E-4D53-A1AD-12BC574DE553}.Release|Any CPU.Build.0 = Release|Any CPU
	EndGlobalSection
	GlobalSection(SolutionProperties) = preSolution
		HideSolutionNode = FALSE
	EndGlobalSection
	GlobalSection(ExtensibilityGlobals) = postSolution
		SolutionGuid = {413FF224-0A2C-47DB-96C0-A74AB371B63F}
	EndGlobalSection
EndGlobal
